// !$*UTF8*$!
{
	archiveVersion = 1;
	classes = {
	};
	objectVersion = 46;
	objects = {

/* Begin PBXBuildFile section */
		9D12E4F319EEFB9900C3433A /* main.m in Sources */ = {isa = PBXBuildFile; fileRef = 9D12E4F219EEFB9900C3433A /* main.m */; };
		9D12E4F619EEFB9900C3433A /* AppDelegate.m in Sources */ = {isa = PBXBuildFile; fileRef = 9D12E4F519EEFB9900C3433A /* AppDelegate.m */; };
		9D12E4F819EEFB9900C3433A /* Images.xcassets in Resources */ = {isa = PBXBuildFile; fileRef = 9D12E4F719EEFB9900C3433A /* Images.xcassets */; };
		9D12E4FB19EEFB9900C3433A /* MainMenu.xib in Resources */ = {isa = PBXBuildFile; fileRef = 9D12E4F919EEFB9900C3433A /* MainMenu.xib */; };
		9D12E50719EEFB9900C3433A /* NormalMixerTests.m in Sources */ = {isa = PBXBuildFile; fileRef = 9D12E50619EEFB9900C3433A /* NormalMixerTests.m */; };
		9D12E51319EEFDFA00C3433A /* NMMWindowController.m in Sources */ = {isa = PBXBuildFile; fileRef = 9D12E51119EEFDFA00C3433A /* NMMWindowController.m */; };
		9D12E51419EEFDFA00C3433A /* NMMWindowController.xib in Resources */ = {isa = PBXBuildFile; fileRef = 9D12E51219EEFDFA00C3433A /* NMMWindowController.xib */; };
		9D12E54319EF2A2400C3433A /* NMMRenderView.m in Sources */ = {isa = PBXBuildFile; fileRef = 9D12E54219EF2A2400C3433A /* NMMRenderView.m */; };
		9D12E54619EF36D200C3433A /* NMMComputeDeltas410.vsh in Resources */ = {isa = PBXBuildFile; fileRef = 9D12E54419EF36D200C3433A /* NMMComputeDeltas410.vsh */; };
		9D12E54A19EF37A500C3433A /* NMMComputeDeltas410.fsh in Resources */ = {isa = PBXBuildFile; fileRef = 9D12E54819EF37A500C3433A /* NMMComputeDeltas410.fsh */; };
		9D39AEFF19F0801F00136E5C /* NMMDisplayResults410.vsh in Resources */ = {isa = PBXBuildFile; fileRef = 9D39AEFE19F0801F00136E5C /* NMMDisplayResults410.vsh */; };
		9D39AF0119F0803000136E5C /* NMMDisplayResults410.fsh in Resources */ = {isa = PBXBuildFile; fileRef = 9D39AF0019F0803000136E5C /* NMMDisplayResults410.fsh */; };
/* End PBXBuildFile section */

/* Begin PBXContainerItemProxy section */
		9D12E50119EEFB9900C3433A /* PBXContainerItemProxy */ = {
			isa = PBXContainerItemProxy;
			containerPortal = 9D12E4E519EEFB9900C3433A /* Project object */;
			proxyType = 1;
			remoteGlobalIDString = 9D12E4EC19EEFB9900C3433A;
			remoteInfo = NormalMixer;
		};
/* End PBXContainerItemProxy section */

/* Begin PBXFileReference section */
		9D12E4ED19EEFB9900C3433A /* NormalMixer.app */ = {isa = PBXFileReference; explicitFileType = wrapper.application; includeInIndex = 0; path = NormalMixer.app; sourceTree = BUILT_PRODUCTS_DIR; };
		9D12E4F119EEFB9900C3433A /* Info.plist */ = {isa = PBXFileReference; lastKnownFileType = text.plist.xml; path = Info.plist; sourceTree = "<group>"; };
		9D12E4F219EEFB9900C3433A /* main.m */ = {isa = PBXFileReference; lastKnownFileType = sourcecode.c.objc; path = main.m; sourceTree = "<group>"; };
		9D12E4F419EEFB9900C3433A /* AppDelegate.h */ = {isa = PBXFileReference; lastKnownFileType = sourcecode.c.h; path = AppDelegate.h; sourceTree = "<group>"; };
		9D12E4F519EEFB9900C3433A /* AppDelegate.m */ = {isa = PBXFileReference; lastKnownFileType = sourcecode.c.objc; path = AppDelegate.m; sourceTree = "<group>"; };
		9D12E4F719EEFB9900C3433A /* Images.xcassets */ = {isa = PBXFileReference; lastKnownFileType = folder.assetcatalog; path = Images.xcassets; sourceTree = "<group>"; };
		9D12E4FA19EEFB9900C3433A /* Base */ = {isa = PBXFileReference; lastKnownFileType = file.xib; name = Base; path = Base.lproj/MainMenu.xib; sourceTree = "<group>"; };
		9D12E50019EEFB9900C3433A /* NormalMixerTests.xctest */ = {isa = PBXFileReference; explicitFileType = wrapper.cfbundle; includeInIndex = 0; path = NormalMixerTests.xctest; sourceTree = BUILT_PRODUCTS_DIR; };
		9D12E50519EEFB9900C3433A /* Info.plist */ = {isa = PBXFileReference; lastKnownFileType = text.plist.xml; path = Info.plist; sourceTree = "<group>"; };
		9D12E50619EEFB9900C3433A /* NormalMixerTests.m */ = {isa = PBXFileReference; lastKnownFileType = sourcecode.c.objc; path = NormalMixerTests.m; sourceTree = "<group>"; };
		9D12E51019EEFDFA00C3433A /* NMMWindowController.h */ = {isa = PBXFileReference; fileEncoding = 4; lastKnownFileType = sourcecode.c.h; path = NMMWindowController.h; sourceTree = "<group>"; };
		9D12E51119EEFDFA00C3433A /* NMMWindowController.m */ = {isa = PBXFileReference; fileEncoding = 4; lastKnownFileType = sourcecode.c.objc; path = NMMWindowController.m; sourceTree = "<group>"; };
		9D12E51219EEFDFA00C3433A /* NMMWindowController.xib */ = {isa = PBXFileReference; fileEncoding = 4; lastKnownFileType = file.xib; path = NMMWindowController.xib; sourceTree = "<group>"; };
		9D12E54119EF2A2400C3433A /* NMMRenderView.h */ = {isa = PBXFileReference; fileEncoding = 4; lastKnownFileType = sourcecode.c.h; path = NMMRenderView.h; sourceTree = "<group>"; };
		9D12E54219EF2A2400C3433A /* NMMRenderView.m */ = {isa = PBXFileReference; fileEncoding = 4; lastKnownFileType = sourcecode.c.objc; path = NMMRenderView.m; sourceTree = "<group>"; };
		9D12E54419EF36D200C3433A /* NMMComputeDeltas410.vsh */ = {isa = PBXFileReference; fileEncoding = 4; lastKnownFileType = sourcecode.glsl; path = NMMComputeDeltas410.vsh; sourceTree = "<group>"; };
		9D12E54819EF37A500C3433A /* NMMComputeDeltas410.fsh */ = {isa = PBXFileReference; fileEncoding = 4; lastKnownFileType = sourcecode.glsl; path = NMMComputeDeltas410.fsh; sourceTree = "<group>"; };
		9D39AEFE19F0801F00136E5C /* NMMDisplayResults410.vsh */ = {isa = PBXFileReference; fileEncoding = 4; lastKnownFileType = sourcecode.glsl; path = NMMDisplayResults410.vsh; sourceTree = "<group>"; };
		9D39AF0019F0803000136E5C /* NMMDisplayResults410.fsh */ = {isa = PBXFileReference; fileEncoding = 4; lastKnownFileType = sourcecode.glsl; path = NMMDisplayResults410.fsh; sourceTree = "<group>"; };
/* End PBXFileReference section */

/* Begin PBXFrameworksBuildPhase section */
		9D12E4EA19EEFB9900C3433A /* Frameworks */ = {
			isa = PBXFrameworksBuildPhase;
			buildActionMask = 2147483647;
			files = (
			);
			runOnlyForDeploymentPostprocessing = 0;
		};
		9D12E4FD19EEFB9900C3433A /* Frameworks */ = {
			isa = PBXFrameworksBuildPhase;
			buildActionMask = 2147483647;
			files = (
			);
			runOnlyForDeploymentPostprocessing = 0;
		};
/* End PBXFrameworksBuildPhase section */

/* Begin PBXGroup section */
		9D12E4E419EEFB9900C3433A = {
			isa = PBXGroup;
			children = (
				9D12E4EF19EEFB9900C3433A /* NormalMixer */,
				9D12E50319EEFB9900C3433A /* NormalMixerTests */,
				9D12E4EE19EEFB9900C3433A /* Products */,
			);
			sourceTree = "<group>";
		};
		9D12E4EE19EEFB9900C3433A /* Products */ = {
			isa = PBXGroup;
			children = (
				9D12E4ED19EEFB9900C3433A /* NormalMixer.app */,
				9D12E50019EEFB9900C3433A /* NormalMixerTests.xctest */,
			);
			name = Products;
			sourceTree = "<group>";
		};
		9D12E4EF19EEFB9900C3433A /* NormalMixer */ = {
			isa = PBXGroup;
			children = (
				9D12E4F419EEFB9900C3433A /* AppDelegate.h */,
				9D12E4F519EEFB9900C3433A /* AppDelegate.m */,
				9D12E54119EF2A2400C3433A /* NMMRenderView.h */,
				9D12E54219EF2A2400C3433A /* NMMRenderView.m */,
				9D12E51019EEFDFA00C3433A /* NMMWindowController.h */,
				9D12E51119EEFDFA00C3433A /* NMMWindowController.m */,
				9D12E4F719EEFB9900C3433A /* Images.xcassets */,
				9D12E4F919EEFB9900C3433A /* MainMenu.xib */,
				9D12E51219EEFDFA00C3433A /* NMMWindowController.xib */,
				9D12E4F019EEFB9900C3433A /* Supporting Files */,
			);
			name = NormalMixer;
			path = NormalMixer;
			sourceTree = "<group>";
		};
		9D12E4F019EEFB9900C3433A /* Supporting Files */ = {
			isa = PBXGroup;
			children = (
				9D12E4F119EEFB9900C3433A /* Info.plist */,
				9D12E4F219EEFB9900C3433A /* main.m */,
				9D12E54419EF36D200C3433A /* NMMComputeDeltas410.vsh */,
				9D12E54819EF37A500C3433A /* NMMComputeDeltas410.fsh */,
				9D39AEFE19F0801F00136E5C /* NMMDisplayResults410.vsh */,
				9D39AF0019F0803000136E5C /* NMMDisplayResults410.fsh */,
			);
			name = "Supporting Files";
			sourceTree = "<group>";
		};
		9D12E50319EEFB9900C3433A /* NormalMixerTests */ = {
			isa = PBXGroup;
			children = (
				9D12E50619EEFB9900C3433A /* NormalMixerTests.m */,
				9D12E50419EEFB9900C3433A /* Supporting Files */,
			);
			name = NormalMixerTests;
			path = NormalMixerTests;
			sourceTree = "<group>";
		};
		9D12E50419EEFB9900C3433A /* Supporting Files */ = {
			isa = PBXGroup;
			children = (
				9D12E50519EEFB9900C3433A /* Info.plist */,
			);
			name = "Supporting Files";
			sourceTree = "<group>";
		};
/* End PBXGroup section */

/* Begin PBXNativeTarget section */
		9D12E4EC19EEFB9900C3433A /* NormalMixer */ = {
			isa = PBXNativeTarget;
			buildConfigurationList = 9D12E50A19EEFB9900C3433A /* Build configuration list for PBXNativeTarget "NormalMixer" */;
			buildPhases = (
				9D12E4E919EEFB9900C3433A /* Sources */,
				9D12E4EA19EEFB9900C3433A /* Frameworks */,
				9D12E4EB19EEFB9900C3433A /* Resources */,
			);
			buildRules = (
			);
			dependencies = (
			);
			name = NormalMixer;
			productName = NormalMixer;
			productReference = 9D12E4ED19EEFB9900C3433A /* NormalMixer.app */;
			productType = "com.apple.product-type.application";
		};
		9D12E4FF19EEFB9900C3433A /* NormalMixerTests */ = {
			isa = PBXNativeTarget;
			buildConfigurationList = 9D12E50D19EEFB9900C3433A /* Build configuration list for PBXNativeTarget "NormalMixerTests" */;
			buildPhases = (
				9D12E4FC19EEFB9900C3433A /* Sources */,
				9D12E4FD19EEFB9900C3433A /* Frameworks */,
				9D12E4FE19EEFB9900C3433A /* Resources */,
			);
			buildRules = (
			);
			dependencies = (
				9D12E50219EEFB9900C3433A /* PBXTargetDependency */,
			);
			name = NormalMixerTests;
			productName = NormalMixerTests;
			productReference = 9D12E50019EEFB9900C3433A /* NormalMixerTests.xctest */;
			productType = "com.apple.product-type.bundle.unit-test";
		};
/* End PBXNativeTarget section */

/* Begin PBXProject section */
		9D12E4E519EEFB9900C3433A /* Project object */ = {
			isa = PBXProject;
			attributes = {
				LastUpgradeCheck = 0600;
				ORGANIZATIONNAME = Apportable;
				TargetAttributes = {
					9D12E4EC19EEFB9900C3433A = {
						CreatedOnToolsVersion = 6.0.1;
					};
					9D12E4FF19EEFB9900C3433A = {
						CreatedOnToolsVersion = 6.0.1;
						TestTargetID = 9D12E4EC19EEFB9900C3433A;
					};
				};
			};
			buildConfigurationList = 9D12E4E819EEFB9900C3433A /* Build configuration list for PBXProject "NormalMixer" */;
			compatibilityVersion = "Xcode 3.2";
			developmentRegion = English;
			hasScannedForEncodings = 0;
			knownRegions = (
				en,
				Base,
			);
			mainGroup = 9D12E4E419EEFB9900C3433A;
			productRefGroup = 9D12E4EE19EEFB9900C3433A /* Products */;
			projectDirPath = "";
			projectRoot = "";
			targets = (
				9D12E4EC19EEFB9900C3433A /* NormalMixer */,
				9D12E4FF19EEFB9900C3433A /* NormalMixerTests */,
			);
		};
/* End PBXProject section */

/* Begin PBXResourcesBuildPhase section */
		9D12E4EB19EEFB9900C3433A /* Resources */ = {
			isa = PBXResourcesBuildPhase;
			buildActionMask = 2147483647;
			files = (
				9D39AEFF19F0801F00136E5C /* NMMDisplayResults410.vsh in Resources */,
				9D12E54A19EF37A500C3433A /* NMMComputeDeltas410.fsh in Resources */,
				9D12E4F819EEFB9900C3433A /* Images.xcassets in Resources */,
				9D12E51419EEFDFA00C3433A /* NMMWindowController.xib in Resources */,
				9D12E54619EF36D200C3433A /* NMMComputeDeltas410.vsh in Resources */,
				9D39AF0119F0803000136E5C /* NMMDisplayResults410.fsh in Resources */,
				9D12E4FB19EEFB9900C3433A /* MainMenu.xib in Resources */,
			);
			runOnlyForDeploymentPostprocessing = 0;
		};
		9D12E4FE19EEFB9900C3433A /* Resources */ = {
			isa = PBXResourcesBuildPhase;
			buildActionMask = 2147483647;
			files = (
			);
			runOnlyForDeploymentPostprocessing = 0;
		};
/* End PBXResourcesBuildPhase section */

/* Begin PBXSourcesBuildPhase section */
		9D12E4E919EEFB9900C3433A /* Sources */ = {
			isa = PBXSourcesBuildPhase;
			buildActionMask = 2147483647;
			files = (
				9D12E4F619EEFB9900C3433A /* AppDelegate.m in Sources */,
				9D12E54319EF2A2400C3433A /* NMMRenderView.m in Sources */,
				9D12E51319EEFDFA00C3433A /* NMMWindowController.m in Sources */,
				9D12E4F319EEFB9900C3433A /* main.m in Sources */,
			);
			runOnlyForDeploymentPostprocessing = 0;
		};
		9D12E4FC19EEFB9900C3433A /* Sources */ = {
			isa = PBXSourcesBuildPhase;
			buildActionMask = 2147483647;
			files = (
				9D12E50719EEFB9900C3433A /* NormalMixerTests.m in Sources */,
			);
			runOnlyForDeploymentPostprocessing = 0;
		};
/* End PBXSourcesBuildPhase section */

/* Begin PBXTargetDependency section */
		9D12E50219EEFB9900C3433A /* PBXTargetDependency */ = {
			isa = PBXTargetDependency;
			target = 9D12E4EC19EEFB9900C3433A /* NormalMixer */;
			targetProxy = 9D12E50119EEFB9900C3433A /* PBXContainerItemProxy */;
		};
/* End PBXTargetDependency section */

/* Begin PBXVariantGroup section */
		9D12E4F919EEFB9900C3433A /* MainMenu.xib */ = {
			isa = PBXVariantGroup;
			children = (
				9D12E4FA19EEFB9900C3433A /* Base */,
			);
			name = MainMenu.xib;
			sourceTree = "<group>";
		};
/* End PBXVariantGroup section */

/* Begin XCBuildConfiguration section */
		9D12E50819EEFB9900C3433A /* Debug */ = {
			isa = XCBuildConfiguration;
			buildSettings = {
				ALWAYS_SEARCH_USER_PATHS = NO;
				CLANG_CXX_LANGUAGE_STANDARD = "gnu++0x";
				CLANG_CXX_LIBRARY = "libc++";
				CLANG_ENABLE_MODULES = YES;
				CLANG_ENABLE_OBJC_ARC = YES;
				CLANG_WARN_BOOL_CONVERSION = YES;
				CLANG_WARN_CONSTANT_CONVERSION = YES;
				CLANG_WARN_DIRECT_OBJC_ISA_USAGE = YES_ERROR;
				CLANG_WARN_EMPTY_BODY = YES;
				CLANG_WARN_ENUM_CONVERSION = YES;
				CLANG_WARN_INT_CONVERSION = YES;
				CLANG_WARN_OBJC_ROOT_CLASS = YES_ERROR;
				CLANG_WARN_UNREACHABLE_CODE = YES;
				CLANG_WARN__DUPLICATE_METHOD_MATCH = YES;
				CODE_SIGN_IDENTITY = "-";
				COPY_PHASE_STRIP = NO;
				ENABLE_STRICT_OBJC_MSGSEND = YES;
				GCC_C_LANGUAGE_STANDARD = gnu99;
				GCC_DYNAMIC_NO_PIC = NO;
				GCC_OPTIMIZATION_LEVEL = 0;
				GCC_PREPROCESSOR_DEFINITIONS = (
					"DEBUG=1",
					"$(inherited)",
				);
				GCC_SYMBOLS_PRIVATE_EXTERN = NO;
				GCC_WARN_64_TO_32_BIT_CONVERSION = YES;
				GCC_WARN_ABOUT_RETURN_TYPE = YES_ERROR;
				GCC_WARN_UNDECLARED_SELECTOR = YES;
				GCC_WARN_UNINITIALIZED_AUTOS = YES_AGGRESSIVE;
				GCC_WARN_UNUSED_FUNCTION = YES;
				GCC_WARN_UNUSED_VARIABLE = YES;
				MACOSX_DEPLOYMENT_TARGET = 10.9;
				MTL_ENABLE_DEBUG_INFO = YES;
				ONLY_ACTIVE_ARCH = YES;
				SDKROOT = macosx;
			};
			name = Debug;
		};
		9D12E50919EEFB9900C3433A /* Release */ = {
			isa = XCBuildConfiguration;
			buildSettings = {
				ALWAYS_SEARCH_USER_PATHS = NO;
				CLANG_CXX_LANGUAGE_STANDARD = "gnu++0x";
				CLANG_CXX_LIBRARY = "libc++";
				CLANG_ENABLE_MODULES = YES;
				CLANG_ENABLE_OBJC_ARC = YES;
				CLANG_WARN_BOOL_CONVERSION = YES;
				CLANG_WARN_CONSTANT_CONVERSION = YES;
				CLANG_WARN_DIRECT_OBJC_ISA_USAGE = YES_ERROR;
				CLANG_WARN_EMPTY_BODY = YES;
				CLANG_WARN_ENUM_CONVERSION = YES;
				CLANG_WARN_INT_CONVERSION = YES;
				CLANG_WARN_OBJC_ROOT_CLASS = YES_ERROR;
				CLANG_WARN_UNREACHABLE_CODE = YES;
				CLANG_WARN__DUPLICATE_METHOD_MATCH = YES;
				CODE_SIGN_IDENTITY = "-";
				COPY_PHASE_STRIP = YES;
				DEBUG_INFORMATION_FORMAT = "dwarf-with-dsym";
				ENABLE_NS_ASSERTIONS = NO;
				ENABLE_STRICT_OBJC_MSGSEND = YES;
				GCC_C_LANGUAGE_STANDARD = gnu99;
				GCC_WARN_64_TO_32_BIT_CONVERSION = YES;
				GCC_WARN_ABOUT_RETURN_TYPE = YES_ERROR;
				GCC_WARN_UNDECLARED_SELECTOR = YES;
				GCC_WARN_UNINITIALIZED_AUTOS = YES_AGGRESSIVE;
				GCC_WARN_UNUSED_FUNCTION = YES;
				GCC_WARN_UNUSED_VARIABLE = YES;
				MACOSX_DEPLOYMENT_TARGET = 10.9;
				MTL_ENABLE_DEBUG_INFO = NO;
				SDKROOT = macosx;
			};
			name = Release;
		};
		9D12E50B19EEFB9900C3433A /* Debug */ = {
			isa = XCBuildConfiguration;
			buildSettings = {
				ASSETCATALOG_COMPILER_APPICON_NAME = AppIcon;
				COMBINE_HIDPI_IMAGES = YES;
				INFOPLIST_FILE = NormalMixer/Info.plist;
				LD_RUNPATH_SEARCH_PATHS = "$(inherited) @executable_path/../Frameworks";
				PRODUCT_NAME = NormalMixer;
			};
			name = Debug;
		};
		9D12E50C19EEFB9900C3433A /* Release */ = {
			isa = XCBuildConfiguration;
			buildSettings = {
				ASSETCATALOG_COMPILER_APPICON_NAME = AppIcon;
				COMBINE_HIDPI_IMAGES = YES;
				INFOPLIST_FILE = NormalMixer/Info.plist;
				LD_RUNPATH_SEARCH_PATHS = "$(inherited) @executable_path/../Frameworks";
				PRODUCT_NAME = NormalMixer;
			};
			name = Release;
		};
		9D12E50E19EEFB9900C3433A /* Debug */ = {
			isa = XCBuildConfiguration;
			buildSettings = {
				BUNDLE_LOADER = "$(TEST_HOST)";
				COMBINE_HIDPI_IMAGES = YES;
				FRAMEWORK_SEARCH_PATHS = (
					"$(DEVELOPER_FRAMEWORKS_DIR)",
					"$(inherited)",
				);
				GCC_PREPROCESSOR_DEFINITIONS = (
					"DEBUG=1",
					"$(inherited)",
				);
				INFOPLIST_FILE = NormalMixerTests/Info.plist;
				LD_RUNPATH_SEARCH_PATHS = "$(inherited) @executable_path/../Frameworks @loader_path/../Frameworks";
				PRODUCT_NAME = NormalMixerTests;
				TEST_HOST = "$(BUILT_PRODUCTS_DIR)/NormalMixer.app/Contents/MacOS/NormalMixer";
			};
			name = Debug;
		};
		9D12E50F19EEFB9900C3433A /* Release */ = {
			isa = XCBuildConfiguration;
			buildSettings = {
				BUNDLE_LOADER = "$(TEST_HOST)";
				COMBINE_HIDPI_IMAGES = YES;
				FRAMEWORK_SEARCH_PATHS = (
					"$(DEVELOPER_FRAMEWORKS_DIR)",
					"$(inherited)",
				);
				INFOPLIST_FILE = NormalMixerTests/Info.plist;
				LD_RUNPATH_SEARCH_PATHS = "$(inherited) @executable_path/../Frameworks @loader_path/../Frameworks";
				PRODUCT_NAME = NormalMixerTests;
				TEST_HOST = "$(BUILT_PRODUCTS_DIR)/NormalMixer.app/Contents/MacOS/NormalMixer";
			};
			name = Release;
		};
/* End XCBuildConfiguration section */

/* Begin XCConfigurationList section */
		9D12E4E819EEFB9900C3433A /* Build configuration list for PBXProject "NormalMixer" */ = {
			isa = XCConfigurationList;
			buildConfigurations = (
				9D12E50819EEFB9900C3433A /* Debug */,
				9D12E50919EEFB9900C3433A /* Release */,
			);
			defaultConfigurationIsVisible = 0;
			defaultConfigurationName = Release;
		};
		9D12E50A19EEFB9900C3433A /* Build configuration list for PBXNativeTarget "NormalMixer" */ = {
			isa = XCConfigurationList;
			buildConfigurations = (
				9D12E50B19EEFB9900C3433A /* Debug */,
				9D12E50C19EEFB9900C3433A /* Release */,
			);
			defaultConfigurationIsVisible = 0;
			defaultConfigurationName = Release;
		};
		9D12E50D19EEFB9900C3433A /* Build configuration list for PBXNativeTarget "NormalMixerTests" */ = {
			isa = XCConfigurationList;
			buildConfigurations = (
				9D12E50E19EEFB9900C3433A /* Debug */,
				9D12E50F19EEFB9900C3433A /* Release */,
			);
			defaultConfigurationIsVisible = 0;
			defaultConfigurationName = Release;
		};
/* End XCConfigurationList section */
	};
	rootObject = 9D12E4E519EEFB9900C3433A /* Project object */;
}
